// !$*UTF8*$!
{
	archiveVersion = 1;
	classes = {
	};
	objectVersion = 55;
	objects = {

/* Begin PBXBuildFile section */
		AD136B3328C2392E00E5B7A0 /* AppDelegate.swift in Sources */ = {isa = PBXBuildFile; fileRef = AD136B3228C2392E00E5B7A0 /* AppDelegate.swift */; };
		AD136B3528C2392E00E5B7A0 /* SceneDelegate.swift in Sources */ = {isa = PBXBuildFile; fileRef = AD136B3428C2392E00E5B7A0 /* SceneDelegate.swift */; };
		AD136B3A28C2392E00E5B7A0 /* Main.storyboard in Resources */ = {isa = PBXBuildFile; fileRef = AD136B3828C2392E00E5B7A0 /* Main.storyboard */; };
		AD136B3C28C2392F00E5B7A0 /* Assets.xcassets in Resources */ = {isa = PBXBuildFile; fileRef = AD136B3B28C2392F00E5B7A0 /* Assets.xcassets */; };
		AD136B3F28C2392F00E5B7A0 /* LaunchScreen.storyboard in Resources */ = {isa = PBXBuildFile; fileRef = AD136B3D28C2392F00E5B7A0 /* LaunchScreen.storyboard */; };
		AD136B4D28C2399300E5B7A0 /* Drink.swift in Sources */ = {isa = PBXBuildFile; fileRef = AD136B4C28C2399300E5B7A0 /* Drink.swift */; };
		AD136B4F28C2431E00E5B7A0 /* MainCollectionViewController.swift in Sources */ = {isa = PBXBuildFile; fileRef = AD136B4E28C2431E00E5B7A0 /* MainCollectionViewController.swift */; };
		AD136B5128C2474B00E5B7A0 /* ActionCollectionViewCell.swift in Sources */ = {isa = PBXBuildFile; fileRef = AD136B5028C2474B00E5B7A0 /* ActionCollectionViewCell.swift */; };
		AD136B5328C2481200E5B7A0 /* ImageViewController.swift in Sources */ = {isa = PBXBuildFile; fileRef = AD136B5228C2481200E5B7A0 /* ImageViewController.swift */; };
		AD136B5528C2482500E5B7A0 /* DrinksTableViewController.swift in Sources */ = {isa = PBXBuildFile; fileRef = AD136B5428C2482500E5B7A0 /* DrinksTableViewController.swift */; };
		AD136B5728C36D5D00E5B7A0 /* NetworkManager.swift in Sources */ = {isa = PBXBuildFile; fileRef = AD136B5628C36D5D00E5B7A0 /* NetworkManager.swift */; };
		AD136B5928C3A4E300E5B7A0 /* APOD.swift in Sources */ = {isa = PBXBuildFile; fileRef = AD136B5828C3A4E300E5B7A0 /* APOD.swift */; };
		AD136B5C28C4BF7600E5B7A0 /* Alamofire in Frameworks */ = {isa = PBXBuildFile; productRef = AD136B5B28C4BF7600E5B7A0 /* Alamofire */; };
/* End PBXBuildFile section */

/* Begin PBXFileReference section */
		AD136B2F28C2392E00E5B7A0 /* urlSession-1.app */ = {isa = PBXFileReference; explicitFileType = wrapper.application; includeInIndex = 0; path = "urlSession-1.app"; sourceTree = BUILT_PRODUCTS_DIR; };
		AD136B3228C2392E00E5B7A0 /* AppDelegate.swift */ = {isa = PBXFileReference; lastKnownFileType = sourcecode.swift; path = AppDelegate.swift; sourceTree = "<group>"; };
		AD136B3428C2392E00E5B7A0 /* SceneDelegate.swift */ = {isa = PBXFileReference; lastKnownFileType = sourcecode.swift; path = SceneDelegate.swift; sourceTree = "<group>"; };
		AD136B3928C2392E00E5B7A0 /* Base */ = {isa = PBXFileReference; lastKnownFileType = file.storyboard; name = Base; path = Base.lproj/Main.storyboard; sourceTree = "<group>"; };
		AD136B3B28C2392F00E5B7A0 /* Assets.xcassets */ = {isa = PBXFileReference; lastKnownFileType = folder.assetcatalog; path = Assets.xcassets; sourceTree = "<group>"; };
		AD136B3E28C2392F00E5B7A0 /* Base */ = {isa = PBXFileReference; lastKnownFileType = file.storyboard; name = Base; path = Base.lproj/LaunchScreen.storyboard; sourceTree = "<group>"; };
		AD136B4028C2392F00E5B7A0 /* Info.plist */ = {isa = PBXFileReference; lastKnownFileType = text.plist.xml; path = Info.plist; sourceTree = "<group>"; };
		AD136B4C28C2399300E5B7A0 /* Drink.swift */ = {isa = PBXFileReference; lastKnownFileType = sourcecode.swift; path = Drink.swift; sourceTree = "<group>"; };
		AD136B4E28C2431E00E5B7A0 /* MainCollectionViewController.swift */ = {isa = PBXFileReference; lastKnownFileType = sourcecode.swift; path = MainCollectionViewController.swift; sourceTree = "<group>"; };
		AD136B5028C2474B00E5B7A0 /* ActionCollectionViewCell.swift */ = {isa = PBXFileReference; lastKnownFileType = sourcecode.swift; path = ActionCollectionViewCell.swift; sourceTree = "<group>"; };
		AD136B5228C2481200E5B7A0 /* ImageViewController.swift */ = {isa = PBXFileReference; lastKnownFileType = sourcecode.swift; path = ImageViewController.swift; sourceTree = "<group>"; };
		AD136B5428C2482500E5B7A0 /* DrinksTableViewController.swift */ = {isa = PBXFileReference; lastKnownFileType = sourcecode.swift; path = DrinksTableViewController.swift; sourceTree = "<group>"; };
		AD136B5628C36D5D00E5B7A0 /* NetworkManager.swift */ = {isa = PBXFileReference; lastKnownFileType = sourcecode.swift; path = NetworkManager.swift; sourceTree = "<group>"; };
		AD136B5828C3A4E300E5B7A0 /* APOD.swift */ = {isa = PBXFileReference; lastKnownFileType = sourcecode.swift; path = APOD.swift; sourceTree = "<group>"; };
/* End PBXFileReference section */

/* Begin PBXFrameworksBuildPhase section */
		AD136B2C28C2392E00E5B7A0 /* Frameworks */ = {
			isa = PBXFrameworksBuildPhase;
			buildActionMask = 2147483647;
			files = (
				AD136B5C28C4BF7600E5B7A0 /* Alamofire in Frameworks */,
			);
			runOnlyForDeploymentPostprocessing = 0;
		};
/* End PBXFrameworksBuildPhase section */

/* Begin PBXGroup section */
		AD136B2628C2392E00E5B7A0 = {
			isa = PBXGroup;
			children = (
				AD136B3128C2392E00E5B7A0 /* urlSession-1 */,
				AD136B3028C2392E00E5B7A0 /* Products */,
			);
			sourceTree = "<group>";
		};
		AD136B3028C2392E00E5B7A0 /* Products */ = {
			isa = PBXGroup;
			children = (
				AD136B2F28C2392E00E5B7A0 /* urlSession-1.app */,
			);
			name = Products;
			sourceTree = "<group>";
		};
		AD136B3128C2392E00E5B7A0 /* urlSession-1 */ = {
			isa = PBXGroup;
			children = (
				AD136B4B28C2397300E5B7A0 /* Services */,
				AD136B4A28C2396A00E5B7A0 /* Models */,
				AD136B4628C2394700E5B7A0 /* App */,
				AD136B4728C2395000E5B7A0 /* ViewControllers */,
				AD136B4828C2395A00E5B7A0 /* Storyboards */,
				AD136B4928C2396200E5B7A0 /* Resources */,
			);
			path = "urlSession-1";
			sourceTree = "<group>";
		};
		AD136B4628C2394700E5B7A0 /* App */ = {
			isa = PBXGroup;
			children = (
				AD136B3228C2392E00E5B7A0 /* AppDelegate.swift */,
				AD136B3428C2392E00E5B7A0 /* SceneDelegate.swift */,
				AD136B4028C2392F00E5B7A0 /* Info.plist */,
			);
			path = App;
			sourceTree = "<group>";
		};
		AD136B4728C2395000E5B7A0 /* ViewControllers */ = {
			isa = PBXGroup;
			children = (
				AD136B4E28C2431E00E5B7A0 /* MainCollectionViewController.swift */,
				AD136B5028C2474B00E5B7A0 /* ActionCollectionViewCell.swift */,
				AD136B5228C2481200E5B7A0 /* ImageViewController.swift */,
				AD136B5428C2482500E5B7A0 /* DrinksTableViewController.swift */,
			);
			path = ViewControllers;
			sourceTree = "<group>";
		};
		AD136B4828C2395A00E5B7A0 /* Storyboards */ = {
			isa = PBXGroup;
			children = (
				AD136B3828C2392E00E5B7A0 /* Main.storyboard */,
				AD136B3D28C2392F00E5B7A0 /* LaunchScreen.storyboard */,
			);
			path = Storyboards;
			sourceTree = "<group>";
		};
		AD136B4928C2396200E5B7A0 /* Resources */ = {
			isa = PBXGroup;
			children = (
				AD136B3B28C2392F00E5B7A0 /* Assets.xcassets */,
			);
			path = Resources;
			sourceTree = "<group>";
		};
		AD136B4A28C2396A00E5B7A0 /* Models */ = {
			isa = PBXGroup;
			children = (
				AD136B4C28C2399300E5B7A0 /* Drink.swift */,
				AD136B5828C3A4E300E5B7A0 /* APOD.swift */,
			);
			path = Models;
			sourceTree = "<group>";
		};
		AD136B4B28C2397300E5B7A0 /* Services */ = {
			isa = PBXGroup;
			children = (
				AD136B5628C36D5D00E5B7A0 /* NetworkManager.swift */,
			);
			path = Services;
			sourceTree = "<group>";
		};
/* End PBXGroup section */

/* Begin PBXNativeTarget section */
		AD136B2E28C2392E00E5B7A0 /* urlSession-1 */ = {
			isa = PBXNativeTarget;
			buildConfigurationList = AD136B4328C2392F00E5B7A0 /* Build configuration list for PBXNativeTarget "urlSession-1" */;
			buildPhases = (
				AD136B2B28C2392E00E5B7A0 /* Sources */,
				AD136B2C28C2392E00E5B7A0 /* Frameworks */,
				AD136B2D28C2392E00E5B7A0 /* Resources */,
			);
			buildRules = (
			);
			dependencies = (
			);
			name = "urlSession-1";
			packageProductDependencies = (
				AD136B5B28C4BF7600E5B7A0 /* Alamofire */,
			);
			productName = "urlSession-1";
			productReference = AD136B2F28C2392E00E5B7A0 /* urlSession-1.app */;
			productType = "com.apple.product-type.application";
		};
/* End PBXNativeTarget section */

/* Begin PBXProject section */
		AD136B2728C2392E00E5B7A0 /* Project object */ = {
			isa = PBXProject;
			attributes = {
				BuildIndependentTargetsInParallel = 1;
				LastSwiftUpdateCheck = 1340;
				LastUpgradeCheck = 1340;
				TargetAttributes = {
					AD136B2E28C2392E00E5B7A0 = {
						CreatedOnToolsVersion = 13.4.1;
					};
				};
			};
			buildConfigurationList = AD136B2A28C2392E00E5B7A0 /* Build configuration list for PBXProject "urlSession-1" */;
			compatibilityVersion = "Xcode 13.0";
			developmentRegion = en;
			hasScannedForEncodings = 0;
			knownRegions = (
				en,
				Base,
			);
			mainGroup = AD136B2628C2392E00E5B7A0;
			packageReferences = (
				AD136B5A28C4BF7600E5B7A0 /* XCRemoteSwiftPackageReference "Alamofire" */,
			);
			productRefGroup = AD136B3028C2392E00E5B7A0 /* Products */;
			projectDirPath = "";
			projectRoot = "";
			targets = (
				AD136B2E28C2392E00E5B7A0 /* urlSession-1 */,
			);
		};
/* End PBXProject section */

/* Begin PBXResourcesBuildPhase section */
		AD136B2D28C2392E00E5B7A0 /* Resources */ = {
			isa = PBXResourcesBuildPhase;
			buildActionMask = 2147483647;
			files = (
				AD136B3F28C2392F00E5B7A0 /* LaunchScreen.storyboard in Resources */,
				AD136B3C28C2392F00E5B7A0 /* Assets.xcassets in Resources */,
				AD136B3A28C2392E00E5B7A0 /* Main.storyboard in Resources */,
			);
			runOnlyForDeploymentPostprocessing = 0;
		};
/* End PBXResourcesBuildPhase section */

/* Begin PBXSourcesBuildPhase section */
		AD136B2B28C2392E00E5B7A0 /* Sources */ = {
			isa = PBXSourcesBuildPhase;
			buildActionMask = 2147483647;
			files = (
				AD136B3328C2392E00E5B7A0 /* AppDelegate.swift in Sources */,
				AD136B5528C2482500E5B7A0 /* DrinksTableViewController.swift in Sources */,
				AD136B4F28C2431E00E5B7A0 /* MainCollectionViewController.swift in Sources */,
				AD136B4D28C2399300E5B7A0 /* Drink.swift in Sources */,
				AD136B5728C36D5D00E5B7A0 /* NetworkManager.swift in Sources */,
				AD136B3528C2392E00E5B7A0 /* SceneDelegate.swift in Sources */,
				AD136B5328C2481200E5B7A0 /* ImageViewController.swift in Sources */,
				AD136B5928C3A4E300E5B7A0 /* APOD.swift in Sources */,
				AD136B5128C2474B00E5B7A0 /* ActionCollectionViewCell.swift in Sources */,
			);
			runOnlyForDeploymentPostprocessing = 0;
		};
/* End PBXSourcesBuildPhase section */

/* Begin PBXVariantGroup section */
		AD136B3828C2392E00E5B7A0 /* Main.storyboard */ = {
			isa = PBXVariantGroup;
			children = (
				AD136B3928C2392E00E5B7A0 /* Base */,
			);
			name = Main.storyboard;
			sourceTree = "<group>";
		};
		AD136B3D28C2392F00E5B7A0 /* LaunchScreen.storyboard */ = {
			isa = PBXVariantGroup;
			children = (
				AD136B3E28C2392F00E5B7A0 /* Base */,
			);
			name = LaunchScreen.storyboard;
			sourceTree = "<group>";
		};
/* End PBXVariantGroup section */

/* Begin XCBuildConfiguration section */
		AD136B4128C2392F00E5B7A0 /* Debug */ = {
			isa = XCBuildConfiguration;
			buildSettings = {
				ALWAYS_SEARCH_USER_PATHS = NO;
				CLANG_ANALYZER_NONNULL = YES;
				CLANG_ANALYZER_NUMBER_OBJECT_CONVERSION = YES_AGGRESSIVE;
				CLANG_CXX_LANGUAGE_STANDARD = "gnu++17";
				CLANG_ENABLE_MODULES = YES;
				CLANG_ENABLE_OBJC_ARC = YES;
				CLANG_ENABLE_OBJC_WEAK = YES;
				CLANG_WARN_BLOCK_CAPTURE_AUTORELEASING = YES;
				CLANG_WARN_BOOL_CONVERSION = YES;
				CLANG_WARN_COMMA = YES;
				CLANG_WARN_CONSTANT_CONVERSION = YES;
				CLANG_WARN_DEPRECATED_OBJC_IMPLEMENTATIONS = YES;
				CLANG_WARN_DIRECT_OBJC_ISA_USAGE = YES_ERROR;
				CLANG_WARN_DOCUMENTATION_COMMENTS = YES;
				CLANG_WARN_EMPTY_BODY = YES;
				CLANG_WARN_ENUM_CONVERSION = YES;
				CLANG_WARN_INFINITE_RECURSION = YES;
				CLANG_WARN_INT_CONVERSION = YES;
				CLANG_WARN_NON_LITERAL_NULL_CONVERSION = YES;
				CLANG_WARN_OBJC_IMPLICIT_RETAIN_SELF = YES;
				CLANG_WARN_OBJC_LITERAL_CONVERSION = YES;
				CLANG_WARN_OBJC_ROOT_CLASS = YES_ERROR;
				CLANG_WARN_QUOTED_INCLUDE_IN_FRAMEWORK_HEADER = YES;
				CLANG_WARN_RANGE_LOOP_ANALYSIS = YES;
				CLANG_WARN_STRICT_PROTOTYPES = YES;
				CLANG_WARN_SUSPICIOUS_MOVE = YES;
				CLANG_WARN_UNGUARDED_AVAILABILITY = YES_AGGRESSIVE;
				CLANG_WARN_UNREACHABLE_CODE = YES;
				CLANG_WARN__DUPLICATE_METHOD_MATCH = YES;
				COPY_PHASE_STRIP = NO;
				DEBUG_INFORMATION_FORMAT = dwarf;
				ENABLE_STRICT_OBJC_MSGSEND = YES;
				ENABLE_TESTABILITY = YES;
				GCC_C_LANGUAGE_STANDARD = gnu11;
				GCC_DYNAMIC_NO_PIC = NO;
				GCC_NO_COMMON_BLOCKS = YES;
				GCC_OPTIMIZATION_LEVEL = 0;
				GCC_PREPROCESSOR_DEFINITIONS = (
					"DEBUG=1",
					"$(inherited)",
				);
				GCC_WARN_64_TO_32_BIT_CONVERSION = YES;
				GCC_WARN_ABOUT_RETURN_TYPE = YES_ERROR;
				GCC_WARN_UNDECLARED_SELECTOR = YES;
				GCC_WARN_UNINITIALIZED_AUTOS = YES_AGGRESSIVE;
				GCC_WARN_UNUSED_FUNCTION = YES;
				GCC_WARN_UNUSED_VARIABLE = YES;
				IPHONEOS_DEPLOYMENT_TARGET = 15.5;
				MTL_ENABLE_DEBUG_INFO = INCLUDE_SOURCE;
				MTL_FAST_MATH = YES;
				ONLY_ACTIVE_ARCH = YES;
				SDKROOT = iphoneos;
				SWIFT_ACTIVE_COMPILATION_CONDITIONS = DEBUG;
				SWIFT_OPTIMIZATION_LEVEL = "-Onone";
			};
			name = Debug;
		};
		AD136B4228C2392F00E5B7A0 /* Release */ = {
			isa = XCBuildConfiguration;
			buildSettings = {
				ALWAYS_SEARCH_USER_PATHS = NO;
				CLANG_ANALYZER_NONNULL = YES;
				CLANG_ANALYZER_NUMBER_OBJECT_CONVERSION = YES_AGGRESSIVE;
				CLANG_CXX_LANGUAGE_STANDARD = "gnu++17";
				CLANG_ENABLE_MODULES = YES;
				CLANG_ENABLE_OBJC_ARC = YES;
				CLANG_ENABLE_OBJC_WEAK = YES;
				CLANG_WARN_BLOCK_CAPTURE_AUTORELEASING = YES;
				CLANG_WARN_BOOL_CONVERSION = YES;
				CLANG_WARN_COMMA = YES;
				CLANG_WARN_CONSTANT_CONVERSION = YES;
				CLANG_WARN_DEPRECATED_OBJC_IMPLEMENTATIONS = YES;
				CLANG_WARN_DIRECT_OBJC_ISA_USAGE = YES_ERROR;
				CLANG_WARN_DOCUMENTATION_COMMENTS = YES;
				CLANG_WARN_EMPTY_BODY = YES;
				CLANG_WARN_ENUM_CONVERSION = YES;
				CLANG_WARN_INFINITE_RECURSION = YES;
				CLANG_WARN_INT_CONVERSION = YES;
				CLANG_WARN_NON_LITERAL_NULL_CONVERSION = YES;
				CLANG_WARN_OBJC_IMPLICIT_RETAIN_SELF = YES;
				CLANG_WARN_OBJC_LITERAL_CONVERSION = YES;
				CLANG_WARN_OBJC_ROOT_CLASS = YES_ERROR;
				CLANG_WARN_QUOTED_INCLUDE_IN_FRAMEWORK_HEADER = YES;
				CLANG_WARN_RANGE_LOOP_ANALYSIS = YES;
				CLANG_WARN_STRICT_PROTOTYPES = YES;
				CLANG_WARN_SUSPICIOUS_MOVE = YES;
				CLANG_WARN_UNGUARDED_AVAILABILITY = YES_AGGRESSIVE;
				CLANG_WARN_UNREACHABLE_CODE = YES;
				CLANG_WARN__DUPLICATE_METHOD_MATCH = YES;
				COPY_PHASE_STRIP = NO;
				DEBUG_INFORMATION_FORMAT = "dwarf-with-dsym";
				ENABLE_NS_ASSERTIONS = NO;
				ENABLE_STRICT_OBJC_MSGSEND = YES;
				GCC_C_LANGUAGE_STANDARD = gnu11;
				GCC_NO_COMMON_BLOCKS = YES;
				GCC_WARN_64_TO_32_BIT_CONVERSION = YES;
				GCC_WARN_ABOUT_RETURN_TYPE = YES_ERROR;
				GCC_WARN_UNDECLARED_SELECTOR = YES;
				GCC_WARN_UNINITIALIZED_AUTOS = YES_AGGRESSIVE;
				GCC_WARN_UNUSED_FUNCTION = YES;
				GCC_WARN_UNUSED_VARIABLE = YES;
				IPHONEOS_DEPLOYMENT_TARGET = 15.5;
				MTL_ENABLE_DEBUG_INFO = NO;
				MTL_FAST_MATH = YES;
				SDKROOT = iphoneos;
				SWIFT_COMPILATION_MODE = wholemodule;
				SWIFT_OPTIMIZATION_LEVEL = "-O";
				VALIDATE_PRODUCT = YES;
			};
			name = Release;
		};
		AD136B4428C2392F00E5B7A0 /* Debug */ = {
			isa = XCBuildConfiguration;
			buildSettings = {
				ASSETCATALOG_COMPILER_APPICON_NAME = AppIcon;
				ASSETCATALOG_COMPILER_GLOBAL_ACCENT_COLOR_NAME = AccentColor;
				CODE_SIGN_STYLE = Automatic;
				CURRENT_PROJECT_VERSION = 1;
				GENERATE_INFOPLIST_FILE = YES;
				INFOPLIST_FILE = "urlSession-1/App/Info.plist";
				INFOPLIST_KEY_UIApplicationSupportsIndirectInputEvents = YES;
				INFOPLIST_KEY_UILaunchStoryboardName = LaunchScreen;
				INFOPLIST_KEY_UIMainStoryboardFile = Main;
				INFOPLIST_KEY_UISupportedInterfaceOrientations_iPad = "UIInterfaceOrientationPortrait UIInterfaceOrientationPortraitUpsideDown UIInterfaceOrientationLandscapeLeft UIInterfaceOrientationLandscapeRight";
				INFOPLIST_KEY_UISupportedInterfaceOrientations_iPhone = "UIInterfaceOrientationPortrait UIInterfaceOrientationLandscapeLeft UIInterfaceOrientationLandscapeRight";
				LD_RUNPATH_SEARCH_PATHS = (
					"$(inherited)",
					"@executable_path/Frameworks",
				);
				MARKETING_VERSION = 1.0;
				PRODUCT_BUNDLE_IDENTIFIER = "igor-popov.urlSession-1";
				PRODUCT_NAME = "$(TARGET_NAME)";
				SWIFT_EMIT_LOC_STRINGS = YES;
				SWIFT_VERSION = 5.0;
				TARGETED_DEVICE_FAMILY = "1,2";
			};
			name = Debug;
		};
		AD136B4528C2392F00E5B7A0 /* Release */ = {
			isa = XCBuildConfiguration;
			buildSettings = {
				ASSETCATALOG_COMPILER_APPICON_NAME = AppIcon;
				ASSETCATALOG_COMPILER_GLOBAL_ACCENT_COLOR_NAME = AccentColor;
				CODE_SIGN_STYLE = Automatic;
				CURRENT_PROJECT_VERSION = 1;
				GENERATE_INFOPLIST_FILE = YES;
				INFOPLIST_FILE = "urlSession-1/App/Info.plist";
				INFOPLIST_KEY_UIApplicationSupportsIndirectInputEvents = YES;
				INFOPLIST_KEY_UILaunchStoryboardName = LaunchScreen;
				INFOPLIST_KEY_UIMainStoryboardFile = Main;
				INFOPLIST_KEY_UISupportedInterfaceOrientations_iPad = "UIInterfaceOrientationPortrait UIInterfaceOrientationPortraitUpsideDown UIInterfaceOrientationLandscapeLeft UIInterfaceOrientationLandscapeRight";
				INFOPLIST_KEY_UISupportedInterfaceOrientations_iPhone = "UIInterfaceOrientationPortrait UIInterfaceOrientationLandscapeLeft UIInterfaceOrientationLandscapeRight";
				LD_RUNPATH_SEARCH_PATHS = (
					"$(inherited)",
					"@executable_path/Frameworks",
				);
				MARKETING_VERSION = 1.0;
				PRODUCT_BUNDLE_IDENTIFIER = "igor-popov.urlSession-1";
				PRODUCT_NAME = "$(TARGET_NAME)";
				SWIFT_EMIT_LOC_STRINGS = YES;
				SWIFT_VERSION = 5.0;
				TARGETED_DEVICE_FAMILY = "1,2";
			};
			name = Release;
		};
/* End XCBuildConfiguration section */

/* Begin XCConfigurationList section */
		AD136B2A28C2392E00E5B7A0 /* Build configuration list for PBXProject "urlSession-1" */ = {
			isa = XCConfigurationList;
			buildConfigurations = (
				AD136B4128C2392F00E5B7A0 /* Debug */,
				AD136B4228C2392F00E5B7A0 /* Release */,
			);
			defaultConfigurationIsVisible = 0;
			defaultConfigurationName = Release;
		};
		AD136B4328C2392F00E5B7A0 /* Build configuration list for PBXNativeTarget "urlSession-1" */ = {
			isa = XCConfigurationList;
			buildConfigurations = (
				AD136B4428C2392F00E5B7A0 /* Debug */,
				AD136B4528C2392F00E5B7A0 /* Release */,
			);
			defaultConfigurationIsVisible = 0;
			defaultConfigurationName = Release;
		};
/* End XCConfigurationList section */

/* Begin XCRemoteSwiftPackageReference section */
		AD136B5A28C4BF7600E5B7A0 /* XCRemoteSwiftPackageReference "Alamofire" */ = {
			isa = XCRemoteSwiftPackageReference;
			repositoryURL = "https://github.com/Alamofire/Alamofire.git";
			requirement = {
				kind = upToNextMajorVersion;
				minimumVersion = 5.6.1;
			};
		};
/* End XCRemoteSwiftPackageReference section */

/* Begin XCSwiftPackageProductDependency section */
		AD136B5B28C4BF7600E5B7A0 /* Alamofire */ = {
			isa = XCSwiftPackageProductDependency;
			package = AD136B5A28C4BF7600E5B7A0 /* XCRemoteSwiftPackageReference "Alamofire" */;
			productName = Alamofire;
		};
/* End XCSwiftPackageProductDependency section */
	};
	rootObject = AD136B2728C2392E00E5B7A0 /* Project object */;
}
